{
    "_meta": {
        "hash": {
            "sha256": "d69c587f2e6edd801218ed24b8eaeedcf287b7eaf8dab16e58ced4bb2a6adcba"
        },
        "pipfile-spec": 6,
        "requires": {
            "python_version": "3.6"
        },
        "sources": [
            {
                "name": "pypi",
                "url": "https://pypi.python.org/simple",
                "verify_ssl": true
            }
        ]
    },
    "default": {
        "argon2-cffi": {
            "hashes": [
                "sha256:05a8ac07c7026542377e38389638a8a1e9b78f1cd8439cd7493b39f08dd75fbf",
                "sha256:0bf066bc049332489bb2d75f69216416329d9dc65deee127152caeb16e5ce7d5",
                "sha256:18dee20e25e4be86680b178b35ccfc5d495ebd5792cd00781548d50880fee5c5",
                "sha256:392c3c2ef91d12da510cfb6f9bae52512a4552573a9e27600bdb800e05905d2b",
                "sha256:57358570592c46c420300ec94f2ff3b32cbccd10d38bdc12dc6979c4a8484fbc",
                "sha256:6678bb047373f52bcff02db8afab0d2a77d83bde61cfecea7c5c62e2335cb203",
                "sha256:6ea92c980586931a816d61e4faf6c192b4abce89aa767ff6581e6ddc985ed003",
                "sha256:77e909cc756ef81d6abb60524d259d959bab384832f0c651ed7dcb6e5ccdbb78",
                "sha256:7d455c802727710e9dfa69b74ccaab04568386ca17b0ad36350b622cd34606fe",
                "sha256:8a84934bd818e14a17943de8099d41160da4a336bcc699bb4c394bbb9b94bd32",
                "sha256:9bee3212ba4f560af397b6d7146848c32a800652301843df06b9e8f68f0f7361",
                "sha256:9dfd5197852530294ecb5795c97a823839258dfd5eb9420233c7cfedec2058f2",
                "sha256:b160416adc0f012fb1f12588a5e6954889510f82f698e23ed4f4fa57f12a0647",
                "sha256:ba7209b608945b889457f949cc04c8e762bed4fe3fec88ae9a6b7765ae82e496",
                "sha256:cc0e028b209a5483b6846053d5fd7165f460a1f14774d79e632e75e7ae64b82b",
                "sha256:d8029b2d3e4b4cea770e9e5a0104dd8fa185c1724a0f01528ae4826a6d25f97d",
                "sha256:da7f0445b71db6d3a72462e04f36544b0de871289b0bc8a7cc87c0f5ec7079fa",
                "sha256:e2db6e85c057c16d0bd3b4d2b04f270a7467c147381e8fd73cbbe5bc719832be"
            ],
            "index": "pypi",
            "version": "==20.1.0"
        },
        "asgiref": {
            "hashes": [
                "sha256:5ee950735509d04eb673bd7f7120f8fa1c9e2df495394992c73234d526907e17",
                "sha256:7162a3cb30ab0609f1a4c95938fd73e8604f63bdba516a7f7d64b83ff09478f0"
            ],
            "markers": "python_version >= '3.5'",
            "version": "==3.3.1"
        },
        "beautifulsoup4": {
            "hashes": [
                "sha256:4c98143716ef1cb40bf7f39a8e3eec8f8b009509e74904ba3a7b315431577e35",
                "sha256:84729e322ad1d5b4d25f805bfa05b902dd96450f43842c4e99067d5e1369eb25",
                "sha256:fff47e031e34ec82bf17e00da8f592fe7de69aeea38be00523c04623c04fb666"
            ],
            "version": "==4.9.3"
        },
        "cachetools": {
            "hashes": [
                "sha256:1d9d5f567be80f7c07d765e21b814326d78c61eb0c3a637dffc0e5d1796cb2e2",
                "sha256:f469e29e7aa4cff64d8de4aad95ce76de8ea1125a16c68e0d93f65c3c3dc92e9"
            ],
            "markers": "python_version ~= '3.5'",
            "version": "==4.2.1"
        },
        "certifi": {
            "hashes": [
                "sha256:1a4995114262bffbc2413b159f2a1a480c969de6e6eb13ee966d470af86af59c",
                "sha256:719a74fb9e33b9bd44cc7f3a8d94bc35e4049deebe19ba7d8e108280cfd59830"
            ],
            "version": "==2020.12.5"
        },
        "cffi": {
            "hashes": [
                "sha256:005a36f41773e148deac64b08f233873a4d0c18b053d37da83f6af4d9087b813",
                "sha256:0857f0ae312d855239a55c81ef453ee8fd24136eaba8e87a2eceba644c0d4c06",
                "sha256:1071534bbbf8cbb31b498d5d9db0f274f2f7a865adca4ae429e147ba40f73dea",
                "sha256:158d0d15119b4b7ff6b926536763dc0714313aa59e320ddf787502c70c4d4bee",
                "sha256:1f436816fc868b098b0d63b8920de7d208c90a67212546d02f84fe78a9c26396",
                "sha256:2894f2df484ff56d717bead0a5c2abb6b9d2bf26d6960c4604d5c48bbc30ee73",
                "sha256:29314480e958fd8aab22e4a58b355b629c59bf5f2ac2492b61e3dc06d8c7a315",
                "sha256:34eff4b97f3d982fb93e2831e6750127d1355a923ebaeeb565407b3d2f8d41a1",
                "sha256:35f27e6eb43380fa080dccf676dece30bef72e4a67617ffda586641cd4508d49",
                "sha256:3d3dd4c9e559eb172ecf00a2a7517e97d1e96de2a5e610bd9b68cea3925b4892",
                "sha256:43e0b9d9e2c9e5d152946b9c5fe062c151614b262fda2e7b201204de0b99e482",
                "sha256:48e1c69bbacfc3d932221851b39d49e81567a4d4aac3b21258d9c24578280058",
                "sha256:51182f8927c5af975fece87b1b369f722c570fe169f9880764b1ee3bca8347b5",
                "sha256:58e3f59d583d413809d60779492342801d6e82fefb89c86a38e040c16883be53",
                "sha256:5de7970188bb46b7bf9858eb6890aad302577a5f6f75091fd7cdd3ef13ef3045",
                "sha256:65fa59693c62cf06e45ddbb822165394a288edce9e276647f0046e1ec26920f3",
                "sha256:69e395c24fc60aad6bb4fa7e583698ea6cc684648e1ffb7fe85e3c1ca131a7d5",
                "sha256:6c97d7350133666fbb5cf4abdc1178c812cb205dc6f41d174a7b0f18fb93337e",
                "sha256:6e4714cc64f474e4d6e37cfff31a814b509a35cb17de4fb1999907575684479c",
                "sha256:72d8d3ef52c208ee1c7b2e341f7d71c6fd3157138abf1a95166e6165dd5d4369",
                "sha256:8ae6299f6c68de06f136f1f9e69458eae58f1dacf10af5c17353eae03aa0d827",
                "sha256:8b198cec6c72df5289c05b05b8b0969819783f9418e0409865dac47288d2a053",
                "sha256:99cd03ae7988a93dd00bcd9d0b75e1f6c426063d6f03d2f90b89e29b25b82dfa",
                "sha256:9cf8022fb8d07a97c178b02327b284521c7708d7c71a9c9c355c178ac4bbd3d4",
                "sha256:9de2e279153a443c656f2defd67769e6d1e4163952b3c622dcea5b08a6405322",
                "sha256:9e93e79c2551ff263400e1e4be085a1210e12073a31c2011dbbda14bda0c6132",
                "sha256:9ff227395193126d82e60319a673a037d5de84633f11279e336f9c0f189ecc62",
                "sha256:a465da611f6fa124963b91bf432d960a555563efe4ed1cc403ba5077b15370aa",
                "sha256:ad17025d226ee5beec591b52800c11680fca3df50b8b29fe51d882576e039ee0",
                "sha256:afb29c1ba2e5a3736f1c301d9d0abe3ec8b86957d04ddfa9d7a6a42b9367e396",
                "sha256:b85eb46a81787c50650f2392b9b4ef23e1f126313b9e0e9013b35c15e4288e2e",
                "sha256:bb89f306e5da99f4d922728ddcd6f7fcebb3241fc40edebcb7284d7514741991",
                "sha256:cbde590d4faaa07c72bf979734738f328d239913ba3e043b1e98fe9a39f8b2b6",
                "sha256:cd2868886d547469123fadc46eac7ea5253ea7fcb139f12e1dfc2bbd406427d1",
                "sha256:d42b11d692e11b6634f7613ad8df5d6d5f8875f5d48939520d351007b3c13406",
                "sha256:f2d45f97ab6bb54753eab54fffe75aaf3de4ff2341c9daee1987ee1837636f1d",
                "sha256:fd78e5fee591709f32ef6edb9a015b4aa1a5022598e36227500c8f4e02328d9c"
            ],
            "version": "==1.14.5"
        },
        "chardet": {
            "hashes": [
                "sha256:0d6f53a15db4120f2b08c94f11e7d93d2c911ee118b6b30a04ec3ee8310179fa",
                "sha256:f864054d66fd9118f2e67044ac8981a54775ec5b67aed0441892edb553d21da5"
            ],
            "markers": "python_version >= '2.7' and python_version not in '3.0, 3.1, 3.2, 3.3, 3.4'",
            "version": "==4.0.0"
        },
        "defusedxml": {
            "hashes": [
                "sha256:1bb3032db185915b62d7c6209c5a8792be6a32ab2fedacc84e01b52c51aa3e69",
                "sha256:a352e7e428770286cc899e2542b6cdaedb2b4953ff269a210103ec58f6198a61"
            ],
            "index": "pypi",
            "version": "==0.7.1"
        },
        "django": {
            "hashes": [
                "sha256:32ce792ee9b6a0cbbec340123e229ac9f765dff8c2a4ae9247a14b2ba3a365a7",
                "sha256:baf099db36ad31f970775d0be5587cc58a6256a6771a44eb795b554d45f211b8"
            ],
            "index": "pypi",
            "version": "==3.1.7"
        },
        "django-ipware": {
            "hashes": [
                "sha256:c7df8e1410a8e5d6b1fbae58728402ea59950f043c3582e033e866f0f0cf5e94"
            ],
            "index": "pypi",
            "version": "==3.0.2"
        },
        "elementpath": {
            "hashes": [
                "sha256:3bbd0e9dcaf9ab7b2080fd4b457d67f166f7c4d1ece7348425195729059b427c",
                "sha256:eae259ab72a643c16768268895a596e05a41a697da2723614f9588e5fed9b516"
            ],
            "markers": "python_version >= '3.6'",
            "version": "==2.2.0"
        },
        "enum34": {
            "hashes": [
                "sha256:a98a201d6de3f2ab3db284e70a33b0f896fbf35f8086594e8c9e74b909058d53",
                "sha256:c3858660960c984d6ab0ebad691265180da2b43f07e061c0f8dca9ef3cffd328",
                "sha256:cce6a7477ed816bd2542d03d53db9f0db935dd013b70f336a95c73979289f248"
            ],
            "markers": "python_version < '3.4'",
            "version": "==1.1.10"
        },
        "facebook-sdk": {
            "hashes": [
                "sha256:2e987b3e0f466a6f4ee77b935eb023dba1384134f004a2af21f1cfff7fe0806e",
                "sha256:cabcd2e69ea3d9f042919c99b353df7aa1e2be86d040121f6e9f5e63c1cf0f8d"
            ],
            "index": "pypi",
            "version": "==3.1.0"
        },
        "feedparser": {
            "hashes": [
                "sha256:1b00a105425f492f3954fd346e5b524ca9cef3a4bbf95b8809470e9857aa1074",
                "sha256:f596c4b34fb3e2dc7e6ac3a8191603841e8d5d267210064e94d4238737452ddd"
            ],
            "index": "pypi",
            "version": "==6.0.2"
        },
        "filelock": {
            "hashes": [
                "sha256:18d82244ee114f543149c66a6e0c14e9c4f8a1044b5cdaadd0f82159d6a6ff59",
                "sha256:929b7d63ec5b7d6b71b0fa5ac14e030b3f70b75747cef1b10da9b879fef15836"
            ],
            "index": "pypi",
            "version": "==3.0.12"
        },
        "google-auth": {
            "hashes": [
                "sha256:9bd436d19ab047001a1340720d2b629eb96dd503258c524921ec2af3ee88a80e",
                "sha256:dcaba3aa9d4e0e96fd945bf25a86b6f878fcb05770b67adbeb50a63ca4d28a5e"
            ],
            "index": "pypi",
            "version": "==1.28.0"
        },
        "html-sanitizer": {
            "hashes": [
                "sha256:13c0aebe3ceff55540e37ee8717181ce314a8bedb92e1cb322be6455016a69d5",
                "sha256:faec7e9d91e9224cf27ce12ab07a588753ce0813df1367aa56c221e5fa3738f3"
            ],
            "index": "pypi",
            "version": "==1.9.1"
        },
        "idna": {
            "hashes": [
                "sha256:b307872f855b18632ce0c21c5e45be78c0ea7ae4c15c828c20788b26921eb3f6",
                "sha256:b97d804b1e9b523befed77c48dacec60e6dcb0b5391d57af6a65a312a90648c0"
            ],
            "markers": "python_version >= '2.7' and python_version not in '3.0, 3.1, 3.2, 3.3'",
            "version": "==2.10"
        },
        "lxml": {
            "hashes": [
                "sha256:0448576c148c129594d890265b1a83b9cd76fd1f0a6a04620753d9a6bcfd0a4d",
                "sha256:127f76864468d6630e1b453d3ffbbd04b024c674f55cf0a30dc2595137892d37",
                "sha256:1471cee35eba321827d7d53d104e7b8c593ea3ad376aa2df89533ce8e1b24a01",
                "sha256:2363c35637d2d9d6f26f60a208819e7eafc4305ce39dc1d5005eccc4593331c2",
                "sha256:2e5cc908fe43fe1aa299e58046ad66981131a66aea3129aac7770c37f590a644",
                "sha256:2e6fd1b8acd005bd71e6c94f30c055594bbd0aa02ef51a22bbfa961ab63b2d75",
                "sha256:366cb750140f221523fa062d641393092813b81e15d0e25d9f7c6025f910ee80",
                "sha256:42ebca24ba2a21065fb546f3e6bd0c58c3fe9ac298f3a320147029a4850f51a2",
                "sha256:4e751e77006da34643ab782e4a5cc21ea7b755551db202bc4d3a423b307db780",
                "sha256:4fb85c447e288df535b17ebdebf0ec1cf3a3f1a8eba7e79169f4f37af43c6b98",
                "sha256:50c348995b47b5a4e330362cf39fc503b4a43b14a91c34c83b955e1805c8e308",
                "sha256:535332fe9d00c3cd455bd3dd7d4bacab86e2d564bdf7606079160fa6251caacf",
                "sha256:535f067002b0fd1a4e5296a8f1bf88193080ff992a195e66964ef2a6cfec5388",
                "sha256:5be4a2e212bb6aa045e37f7d48e3e1e4b6fd259882ed5a00786f82e8c37ce77d",
                "sha256:60a20bfc3bd234d54d49c388950195d23a5583d4108e1a1d47c9eef8d8c042b3",
                "sha256:648914abafe67f11be7d93c1a546068f8eff3c5fa938e1f94509e4a5d682b2d8",
                "sha256:681d75e1a38a69f1e64ab82fe4b1ed3fd758717bed735fb9aeaa124143f051af",
                "sha256:68a5d77e440df94011214b7db907ec8f19e439507a70c958f750c18d88f995d2",
                "sha256:69a63f83e88138ab7642d8f61418cf3180a4d8cd13995df87725cb8b893e950e",
                "sha256:6e4183800f16f3679076dfa8abf2db3083919d7e30764a069fb66b2b9eff9939",
                "sha256:6fd8d5903c2e53f49e99359b063df27fdf7acb89a52b6a12494208bf61345a03",
                "sha256:791394449e98243839fa822a637177dd42a95f4883ad3dec2a0ce6ac99fb0a9d",
                "sha256:7a7669ff50f41225ca5d6ee0a1ec8413f3a0d8aa2b109f86d540887b7ec0d72a",
                "sha256:7e9eac1e526386df7c70ef253b792a0a12dd86d833b1d329e038c7a235dfceb5",
                "sha256:7ee8af0b9f7de635c61cdd5b8534b76c52cd03536f29f51151b377f76e214a1a",
                "sha256:8246f30ca34dc712ab07e51dc34fea883c00b7ccb0e614651e49da2c49a30711",
                "sha256:8c88b599e226994ad4db29d93bc149aa1aff3dc3a4355dd5757569ba78632bdf",
                "sha256:923963e989ffbceaa210ac37afc9b906acebe945d2723e9679b643513837b089",
                "sha256:94d55bd03d8671686e3f012577d9caa5421a07286dd351dfef64791cf7c6c505",
                "sha256:97db258793d193c7b62d4e2586c6ed98d51086e93f9a3af2b2034af01450a74b",
                "sha256:a9d6bc8642e2c67db33f1247a77c53476f3a166e09067c0474facb045756087f",
                "sha256:cd11c7e8d21af997ee8079037fff88f16fda188a9776eb4b81c7e4c9c0a7d7fc",
                "sha256:d8d3d4713f0c28bdc6c806a278d998546e8efc3498949e3ace6e117462ac0a5e",
                "sha256:e0bfe9bb028974a481410432dbe1b182e8191d5d40382e5b8ff39cdd2e5c5931",
                "sha256:f4822c0660c3754f1a41a655e37cb4dbbc9be3d35b125a37fab6f82d47674ebc",
                "sha256:f83d281bb2a6217cd806f4cf0ddded436790e66f393e124dfe9731f6b3fb9afe",
                "sha256:fc37870d6716b137e80d19241d0e2cff7a7643b925dfa49b4c8ebd1295eb506e"
            ],
            "index": "pypi",
            "version": "==4.6.2"
        },
        "pyasn1": {
            "hashes": [
                "sha256:014c0e9976956a08139dc0712ae195324a75e142284d5f87f1a87ee1b068a359",
                "sha256:03840c999ba71680a131cfaee6fab142e1ed9bbd9c693e285cc6aca0d555e576",
                "sha256:0458773cfe65b153891ac249bcf1b5f8f320b7c2ce462151f8fa74de8934becf",
                "sha256:08c3c53b75eaa48d71cf8c710312316392ed40899cb34710d092e96745a358b7",
                "sha256:39c7e2ec30515947ff4e87fb6f456dfc6e84857d34be479c9d4a4ba4bf46aa5d",
                "sha256:5c9414dcfede6e441f7e8f81b43b34e834731003427e5b09e4e00e3172a10f00",
                "sha256:6e7545f1a61025a4e58bb336952c5061697da694db1cae97b116e9c46abcf7c8",
                "sha256:78fa6da68ed2727915c4767bb386ab32cdba863caa7dbe473eaae45f9959da86",
                "sha256:7ab8a544af125fb704feadb008c99a88805126fb525280b2270bb25cc1d78a12",
                "sha256:99fcc3c8d804d1bc6d9a099921e39d827026409a58f2a720dcdb89374ea0c776",
                "sha256:aef77c9fb94a3ac588e87841208bdec464471d9871bd5050a287cc9a475cd0ba",
                "sha256:e89bf84b5437b532b0803ba5c9a5e054d21fec423a89952a74f87fa2c9b7bce2",
                "sha256:fec3e9d8e36808a28efb59b489e4528c10ad0f480e57dcc32b4de5c9d8c9fdf3"
            ],
            "version": "==0.4.8"
        },
        "pyasn1-modules": {
            "hashes": [
                "sha256:0845a5582f6a02bb3e1bde9ecfc4bfcae6ec3210dd270522fee602365430c3f8",
                "sha256:0fe1b68d1e486a1ed5473f1302bd991c1611d319bba158e98b106ff86e1d7199",
                "sha256:15b7c67fabc7fc240d87fb9aabf999cf82311a6d6fb2c70d00d3d0604878c811",
                "sha256:426edb7a5e8879f1ec54a1864f16b882c2837bfd06eee62f2c982315ee2473ed",
                "sha256:65cebbaffc913f4fe9e4808735c95ea22d7a7775646ab690518c056784bc21b4",
                "sha256:905f84c712230b2c592c19470d3ca8d552de726050d1d1716282a1f6146be65e",
                "sha256:a50b808ffeb97cb3601dd25981f6b016cbb3d31fbf57a8b8a87428e6158d0c74",
                "sha256:a99324196732f53093a84c4369c996713eb8c89d360a496b599fb1a9c47fc3eb",
                "sha256:b80486a6c77252ea3a3e9b1e360bc9cf28eaac41263d173c032581ad2f20fe45",
                "sha256:c29a5e5cc7a3f05926aff34e097e84f8589cd790ce0ed41b67aed6857b26aafd",
                "sha256:cbac4bc38d117f2a49aeedec4407d23e8866ea4ac27ff2cf7fb3e5b570df19e0",
                "sha256:f39edd8c4ecaa4556e989147ebf219227e2cd2e8a43c7e7fcb1f1c18c5fd6a3d",
                "sha256:fe0644d9ab041506b62782e92b06b8c68cca799e1a9636ec398675459e031405"
            ],
            "version": "==0.2.8"
        },
        "pycparser": {
            "hashes": [
                "sha256:2d475327684562c3a96cc71adf7dc8c4f0565175cf86b6d7a404ff4c771f15f0",
                "sha256:7582ad22678f0fcd81102833f60ef8d0e57288b6b5fb00323d101be910e35705"
            ],
            "markers": "python_version >= '2.7' and python_version not in '3.0, 3.1, 3.2, 3.3'",
            "version": "==2.20"
        },
        "pyparsing": {
            "hashes": [
                "sha256:c203ec8783bf771a155b207279b9bccb8dea02d8f0c9e5f8ead507bc3246ecc1",
                "sha256:ef9d7589ef3c200abe66653d3f1ab1033c3c419ae9b9bdb1240a85b024efc88b"
            ],
            "index": "pypi",
            "version": "==2.4.7"
        },
        "python-dateutil": {
            "hashes": [
                "sha256:73ebfe9dbf22e832286dafa60473e4cd239f8592f699aa5adaf10050e6e1823c",
                "sha256:75bb3f31ea686f1197762692a9ee6a7550b59fc6ca3a1f4b5d7e32fb98e2da2a"
            ],
            "index": "pypi",
            "version": "==2.8.1"
        },
        "pytz": {
            "hashes": [
                "sha256:83a4a90894bf38e243cf052c8b58f381bfe9a7a483f6a9cab140bc7f702ac4da",
                "sha256:eb10ce3e7736052ed3623d49975ce333bcd712c7bb19a58b9e2089d4057d0798"
            ],
            "version": "==2021.1"
        },
        "quick-email": {
            "hashes": [
                "sha256:cf59a0228d6cea0b4cd5df217268d94b47554a2a2d4e96910173f89dc5c3c43e"
            ],
            "index": "pypi",
            "version": "==0.5.0"
        },
        "requests": {
            "hashes": [
                "sha256:27973dd4a904a4f13b263a19c866c13b92a39ed1c964655f025f3f8d3d75b804",
                "sha256:c210084e36a42ae6b9219e00e48287def368a26d03a048ddad7bfee44f75871e"
            ],
            "index": "pypi",
            "version": "==2.25.1"
        },
        "rsa": {
            "hashes": [
                "sha256:78f9a9bf4e7be0c5ded4583326e7461e3a3c5aae24073648b4bdfa797d78c9d2",
                "sha256:9d689e6ca1b3038bc82bf8d23e944b6b6037bc02301a574935b2dd946e0353b9"
            ],
            "markers": "python_version >= '3.6'",
            "version": "==4.7.2"
        },
        "sgmllib3k": {
            "hashes": [
                "sha256:7868fb1c8bfa764c1ac563d3cf369c381d1325d36124933a726f29fcdaa812e9"
            ],
            "version": "==1.0.0"
        },
        "six": {
            "hashes": [
                "sha256:30639c035cdb23534cd4aa2dd52c3bf48f06e5f4a941509c8bafd8ce11080259",
                "sha256:8b74bedcbbbaca38ff6d7491d76f2b06b3592611af620f8426e82dddb04a5ced"
            ],
            "markers": "python_version >= '2.7' and python_version not in '3.0, 3.1, 3.2, 3.3'",
            "version": "==1.15.0"
        },
        "soupsieve": {
            "hashes": [
                "sha256:052774848f448cf19c7e959adf5566904d525f33a3f8b6ba6f6f8f26ec7de0cc",
                "sha256:c2c1c2d44f158cdbddab7824a9af8c4f83c76b1e23e049479aa432feb6c4c23b"
            ],
            "markers": "python_version >= '3.0'",
            "version": "==2.2.1"
        },
        "sqlparse": {
            "hashes": [
                "sha256:017cde379adbd6a1f15a61873f43e8274179378e95ef3fede90b5aa64d304ed0",
                "sha256:0f91fd2e829c44362cbcfab3e9ae12e22badaa8a29ad5ff599f9ec109f0454e8"
            ],
            "markers": "python_version >= '3.5'",
            "version": "==0.4.1"
        },
        "ujson": {
            "hashes": [
                "sha256:0190d26c0e990c17ad072ec8593647218fe1c675d11089cd3d1440175b568967",
                "sha256:0ea07fe57f9157118ca689e7f6db72759395b99121c0ff038d2e38649c626fb1",
                "sha256:30962467c36ff6de6161d784cd2a6aac1097f0128b522d6e9291678e34fb2b47",
                "sha256:4d6d061563470cac889c0a9fd367013a5dbd8efc36ad01ab3e67a57e56cad720",
                "sha256:5e1636b94c7f1f59a8ead4c8a7bab1b12cc52d4c21ababa295ffec56b445fd2a",
                "sha256:7333e8bc45ea28c74ae26157eacaed5e5629dbada32e0103c23eb368f93af108",
                "sha256:84b1dca0d53b0a8d58835f72ea2894e4d6cf7a5dd8f520ab4cbd698c81e49737",
                "sha256:91396a585ba51f84dc71c8da60cdc86de6b60ba0272c389b6482020a1fac9394",
                "sha256:a214ba5a21dad71a43c0f5aef917cd56a2d70bc974d845be211c66b6742a471c",
                "sha256:aad6d92f4d71e37ea70e966500f1951ecd065edca3a70d3861b37b176dd6702c",
                "sha256:b3a6dcc660220539aa718bcc9dbd6dedf2a01d19c875d1033f028f212e36d6bb",
                "sha256:b5c70704962cf93ec6ea3271a47d952b75ae1980d6c56b8496cec2a722075939",
                "sha256:c615a9e9e378a7383b756b7e7a73c38b22aeb8967a8bfbffd4741f7ffd043c4d",
                "sha256:d3a87888c40b5bfcf69b4030427cd666893e826e82cc8608d1ba8b4b5e04ea99",
                "sha256:e2cadeb0ddc98e3963bea266cc5b884e5d77d73adf807f0bda9eca64d1c509d5",
                "sha256:e390df0dcc7897ffb98e17eae1f4c442c39c91814c298ad84d935a3c5c7a32fa",
                "sha256:e6e90330670c78e727d6637bb5a215d3e093d8e3570d439fd4922942f88da361",
                "sha256:eb6b25a7670c7537a5998e695fa62ff13c7f9c33faf82927adf4daa460d5f62e",
                "sha256:f273a875c0b42c2a019c337631bc1907f6fdfbc84210cc0d1fff0e2019bbfaec",
                "sha256:f8aded54c2bc554ce20b397f72101737dd61ee7b81c771684a7dd7805e6cca0c",
                "sha256:fc51e545d65689c398161f07fd405104956ec27f22453de85898fa088b2cd4bb"
            ],
            "index": "pypi",
            "version": "==4.0.2"
        },
        "url-normalize": {
            "hashes": [
                "sha256:d23d3a070ac52a67b83a1c59a0e68f8608d1cd538783b401bc9de2c0fac999b2",
                "sha256:ec3c301f04e5bb676d333a7fa162fa977ad2ca04b7e652bfc9fac4e405728eed"
            ],
            "index": "pypi",
            "version": "==1.4.3"
        },
        "urllib3": {
            "hashes": [
                "sha256:2f4da4594db7e1e110a944bb1b551fdf4e6c136ad42e4234131391e21eb5b0df",
                "sha256:e7b021f7241115872f92f43c6508082facffbd1c048e3c6e2bb9c2a157e28937"
            ],
            "markers": "python_version >= '2.7' and python_version not in '3.0, 3.1, 3.2, 3.3, 3.4' and python_version < '4'",
            "version": "==1.26.4"
        },
        "validate-email": {
            "hashes": [
                "sha256:784719dc5f780be319cdd185dc85dd93afebdb6ebb943811bc4c7c5f9c72aeaf"
            ],
            "index": "pypi",
            "version": "==1.3"
        },
        "xmlschema": {
            "hashes": [
                "sha256:34e785f8ed60c07ae825c1506c8e0fc138c4f1464d67752eaef5c62893f1b453",
                "sha256:a7db4c8ae2afa28654d15fcbf5d7f22f0441b5611e50426426e5418f369b5c79"
            ],
            "index": "pypi",
            "version": "==1.5.3"
        }
    },
    "develop": {
        "certifi": {
            "hashes": [
                "sha256:1a4995114262bffbc2413b159f2a1a480c969de6e6eb13ee966d470af86af59c",
                "sha256:719a74fb9e33b9bd44cc7f3a8d94bc35e4049deebe19ba7d8e108280cfd59830"
            ],
            "version": "==2020.12.5"
        },
        "chardet": {
            "hashes": [
                "sha256:0d6f53a15db4120f2b08c94f11e7d93d2c911ee118b6b30a04ec3ee8310179fa",
                "sha256:f864054d66fd9118f2e67044ac8981a54775ec5b67aed0441892edb553d21da5"
            ],
            "markers": "python_version >= '2.7' and python_version not in '3.0, 3.1, 3.2, 3.3, 3.4'",
            "version": "==4.0.0"
        },
        "codecov": {
            "hashes": [
                "sha256:6cde272454009d27355f9434f4e49f238c0273b216beda8472a65dc4957f473b",
                "sha256:ba8553a82942ce37d4da92b70ffd6d54cf635fc1793ab0a7dc3fecd6ebfb3df8",
                "sha256:e95901d4350e99fc39c8353efa450050d2446c55bac91d90fcfd2354e19a6aef"
            ],
            "index": "pypi",
            "version": "==2.1.11"
        },
        "coverage": {
            "hashes": [
                "sha256:004d1880bed2d97151facef49f08e255a20ceb6f9432df75f4eef018fdd5a78c",
                "sha256:01d84219b5cdbfc8122223b39a954820929497a1cb1422824bb86b07b74594b6",
                "sha256:040af6c32813fa3eae5305d53f18875bedd079960822ef8ec067a66dd8afcd45",
                "sha256:06191eb60f8d8a5bc046f3799f8a07a2d7aefb9504b0209aff0b47298333302a",
                "sha256:13034c4409db851670bc9acd836243aeee299949bd5673e11844befcb0149f03",
                "sha256:13c4ee887eca0f4c5a247b75398d4114c37882658300e153113dafb1d76de529",
                "sha256:184a47bbe0aa6400ed2d41d8e9ed868b8205046518c52464fde713ea06e3a74a",
                "sha256:18ba8bbede96a2c3dde7b868de9dcbd55670690af0988713f0603f037848418a",
                "sha256:1aa846f56c3d49205c952d8318e76ccc2ae23303351d9270ab220004c580cfe2",
                "sha256:217658ec7187497e3f3ebd901afdca1af062b42cfe3e0dafea4cced3983739f6",
                "sha256:24d4a7de75446be83244eabbff746d66b9240ae020ced65d060815fac3423759",
                "sha256:2910f4d36a6a9b4214bb7038d537f015346f413a975d57ca6b43bf23d6563b53",
                "sha256:2949cad1c5208b8298d5686d5a85b66aae46d73eec2c3e08c817dd3513e5848a",
                "sha256:2a3859cb82dcbda1cfd3e6f71c27081d18aa251d20a17d87d26d4cd216fb0af4",
                "sha256:2cafbbb3af0733db200c9b5f798d18953b1a304d3f86a938367de1567f4b5bff",
                "sha256:2e0d881ad471768bf6e6c2bf905d183543f10098e3b3640fc029509530091502",
                "sha256:30c77c1dc9f253283e34c27935fded5015f7d1abe83bc7821680ac444eaf7793",
                "sha256:3487286bc29a5aa4b93a072e9592f22254291ce96a9fbc5251f566b6b7343cdb",
                "sha256:372da284cfd642d8e08ef606917846fa2ee350f64994bebfbd3afb0040436905",
                "sha256:41179b8a845742d1eb60449bdb2992196e211341818565abded11cfa90efb821",
                "sha256:44d654437b8ddd9eee7d1eaee28b7219bec228520ff809af170488fd2fed3e2b",
                "sha256:4a7697d8cb0f27399b0e393c0b90f0f1e40c82023ea4d45d22bce7032a5d7b81",
                "sha256:51cb9476a3987c8967ebab3f0fe144819781fca264f57f89760037a2ea191cb0",
                "sha256:52596d3d0e8bdf3af43db3e9ba8dcdaac724ba7b5ca3f6358529d56f7a166f8b",
                "sha256:53194af30d5bad77fcba80e23a1441c71abfb3e01192034f8246e0d8f99528f3",
                "sha256:5fec2d43a2cc6965edc0bb9e83e1e4b557f76f843a77a2496cbe719583ce8184",
                "sha256:6c90e11318f0d3c436a42409f2749ee1a115cd8b067d7f14c148f1ce5574d701",
                "sha256:74d881fc777ebb11c63736622b60cb9e4aee5cace591ce274fb69e582a12a61a",
                "sha256:7501140f755b725495941b43347ba8a2777407fc7f250d4f5a7d2a1050ba8e82",
                "sha256:796c9c3c79747146ebd278dbe1e5c5c05dd6b10cc3bcb8389dfdf844f3ead638",
                "sha256:869a64f53488f40fa5b5b9dcb9e9b2962a66a87dab37790f3fcfb5144b996ef5",
                "sha256:8963a499849a1fc54b35b1c9f162f4108017b2e6db2c46c1bed93a72262ed083",
                "sha256:8d0a0725ad7c1a0bcd8d1b437e191107d457e2ec1084b9f190630a4fb1af78e6",
                "sha256:900fbf7759501bc7807fd6638c947d7a831fc9fdf742dc10f02956ff7220fa90",
                "sha256:92b017ce34b68a7d67bd6d117e6d443a9bf63a2ecf8567bb3d8c6c7bc5014465",
                "sha256:970284a88b99673ccb2e4e334cfb38a10aab7cd44f7457564d11898a74b62d0a",
                "sha256:972c85d205b51e30e59525694670de6a8a89691186012535f9d7dbaa230e42c3",
                "sha256:9a1ef3b66e38ef8618ce5fdc7bea3d9f45f3624e2a66295eea5e57966c85909e",
                "sha256:af0e781009aaf59e25c5a678122391cb0f345ac0ec272c7961dc5455e1c40066",
                "sha256:b6d534e4b2ab35c9f93f46229363e17f63c53ad01330df9f2d6bd1187e5eaacf",
                "sha256:b7895207b4c843c76a25ab8c1e866261bcfe27bfaa20c192de5190121770672b",
                "sha256:c0891a6a97b09c1f3e073a890514d5012eb256845c451bd48f7968ef939bf4ae",
                "sha256:c2723d347ab06e7ddad1a58b2a821218239249a9e4365eaff6649d31180c1669",
                "sha256:d1f8bf7b90ba55699b3a5e44930e93ff0189aa27186e96071fac7dd0d06a1873",
                "sha256:d1f9ce122f83b2305592c11d64f181b87153fc2c2bbd3bb4a3dde8303cfb1a6b",
                "sha256:d314ed732c25d29775e84a960c3c60808b682c08d86602ec2c3008e1202e3bb6",
                "sha256:d636598c8305e1f90b439dbf4f66437de4a5e3c31fdf47ad29542478c8508bbb",
                "sha256:deee1077aae10d8fa88cb02c845cfba9b62c55e1183f52f6ae6a2df6a2187160",
                "sha256:ebe78fe9a0e874362175b02371bdfbee64d8edc42a044253ddf4ee7d3c15212c",
                "sha256:f030f8873312a16414c0d8e1a1ddff2d3235655a2174e3648b4fa66b3f2f1079",
                "sha256:f0b278ce10936db1a37e6954e15a3730bea96a0997c26d7fee88e6c396c2086d",
                "sha256:f11642dddbb0253cc8853254301b51390ba0081750a8ac03f20ea8103f0c56b6"
            ],
            "index": "pypi",
            "version": "==5.5"
        },
        "coverage-conditional-plugin": {
            "hashes": [
                "sha256:06228416486fddbbf7ef4d30a8dcdea5cb7603446f00945581d8356398536a6c",
                "sha256:59c229d992ba3f546b78a50d29ddd420f4c1ba6e18ec1c6fb2e8005188647530"
            ],
            "index": "pypi",
            "version": "==0.3.1"
        },
        "faker": {
            "hashes": [
                "sha256:60a7263104ef7a14ecfe2af1142d53924aa534ccec85cea82bb67b2b32f84421",
                "sha256:f43ac743c34affb1c7fccca8b06450371cd482b6ddcb4110e420acb24356e70b"
            ],
            "index": "pypi",
            "version": "==6.6.2"
        },
        "idna": {
            "hashes": [
                "sha256:b307872f855b18632ce0c21c5e45be78c0ea7ae4c15c828c20788b26921eb3f6",
                "sha256:b97d804b1e9b523befed77c48dacec60e6dcb0b5391d57af6a65a312a90648c0"
            ],
            "markers": "python_version >= '2.7' and python_version not in '3.0, 3.1, 3.2, 3.3'",
            "version": "==2.10"
        },
        "packaging": {
            "hashes": [
                "sha256:5b327ac1320dc863dca72f4514ecc086f31186744b84a230374cc1fd776feae5",
                "sha256:67714da7f7bc052e064859c05c595155bd1ee9f69f76557e21f051443c20947a"
            ],
            "index": "pypi",
            "version": "==20.9"
        },
        "pyparsing": {
            "hashes": [
                "sha256:c203ec8783bf771a155b207279b9bccb8dea02d8f0c9e5f8ead507bc3246ecc1",
                "sha256:ef9d7589ef3c200abe66653d3f1ab1033c3c419ae9b9bdb1240a85b024efc88b"
            ],
            "index": "pypi",
            "version": "==2.4.7"
        },
        "python-dateutil": {
            "hashes": [
                "sha256:73ebfe9dbf22e832286dafa60473e4cd239f8592f699aa5adaf10050e6e1823c",
                "sha256:75bb3f31ea686f1197762692a9ee6a7550b59fc6ca3a1f4b5d7e32fb98e2da2a"
            ],
            "index": "pypi",
            "version": "==2.8.1"
        },
        "requests": {
            "hashes": [
                "sha256:27973dd4a904a4f13b263a19c866c13b92a39ed1c964655f025f3f8d3d75b804",
                "sha256:c210084e36a42ae6b9219e00e48287def368a26d03a048ddad7bfee44f75871e"
            ],
            "index": "pypi",
            "version": "==2.25.1"
        },
        "six": {
            "hashes": [
                "sha256:30639c035cdb23534cd4aa2dd52c3bf48f06e5f4a941509c8bafd8ce11080259",
                "sha256:8b74bedcbbbaca38ff6d7491d76f2b06b3592611af620f8426e82dddb04a5ced"
            ],
            "markers": "python_version >= '2.7' and python_version not in '3.0, 3.1, 3.2, 3.3'",
            "version": "==1.15.0"
        },
        "text-unidecode": {
            "hashes": [
                "sha256:1311f10e8b895935241623731c2ba64f4c455287888b18189350b67134a822e8",
                "sha256:bad6603bb14d279193107714b288be206cac565dfa49aa5b105294dd5c4aab93"
            ],
            "version": "==1.3"
        },
        "unittest-xml-reporting": {
            "hashes": [
                "sha256:7bf515ea8cb244255a25100cd29db611a73f8d3d0aaf672ed3266307e14cc1ca",
                "sha256:984cebba69e889401bfe3adb9088ca376b3a1f923f0590d005126c1bffd1a695"
            ],
            "index": "pypi",
            "version": "==3.0.4"
        },
        "urllib3": {
            "hashes": [
                "sha256:2f4da4594db7e1e110a944bb1b551fdf4e6c136ad42e4234131391e21eb5b0df",
                "sha256:e7b021f7241115872f92f43c6508082facffbd1c048e3c6e2bb9c2a157e28937"
            ],
            "markers": "python_version >= '2.7' and python_version not in '3.0, 3.1, 3.2, 3.3, 3.4' and python_version < '4'",
            "version": "==1.26.4"
        }
    }
}
